// !$*UTF8*$!
{
	archiveVersion = 1;
	classes = {
	};
	objectVersion = 50;
	objects = {

/* Begin PBXBuildFile section */
		2D93A8F9260AB24D00447533 /* FavoriteButton.swift in Sources */ = {isa = PBXBuildFile; fileRef = 2D93A8F8260AB24D00447533 /* FavoriteButton.swift */; };
		2D93A8FF260AB93700447533 /* HexagonParameters.swift in Sources */ = {isa = PBXBuildFile; fileRef = 2D93A8FE260AB93700447533 /* HexagonParameters.swift */; };
		2D93A906260ABBF600447533 /* BadgeBackground.swift in Sources */ = {isa = PBXBuildFile; fileRef = 2D93A905260ABBF600447533 /* BadgeBackground.swift */; };
		2D93A909260ABF9700447533 /* BadgeSymbol.swift in Sources */ = {isa = PBXBuildFile; fileRef = 2D93A908260ABF9700447533 /* BadgeSymbol.swift */; };
		2D93A90C260AC02900447533 /* RotatedBadgeSymbol.swift in Sources */ = {isa = PBXBuildFile; fileRef = 2D93A90B260AC02900447533 /* RotatedBadgeSymbol.swift */; };
		2D93A90F260AC0CA00447533 /* Badge.swift in Sources */ = {isa = PBXBuildFile; fileRef = 2D93A90E260AC0CA00447533 /* Badge.swift */; };
		2D93A916260C00B600447533 /* hikeData.json in Resources */ = {isa = PBXBuildFile; fileRef = 2D93A915260C00B600447533 /* hikeData.json */; };
		2D93A919260C010900447533 /* Hike.swift in Sources */ = {isa = PBXBuildFile; fileRef = 2D93A918260C010900447533 /* Hike.swift */; };
		2D93A920260C01CF00447533 /* GraphCapsule.swift in Sources */ = {isa = PBXBuildFile; fileRef = 2D93A91C260C01CF00447533 /* GraphCapsule.swift */; };
		2D93A921260C01CF00447533 /* HikeGraph.swift in Sources */ = {isa = PBXBuildFile; fileRef = 2D93A91D260C01CF00447533 /* HikeGraph.swift */; };
		2D93A922260C01CF00447533 /* HikeDetail.swift in Sources */ = {isa = PBXBuildFile; fileRef = 2D93A91E260C01CF00447533 /* HikeDetail.swift */; };
		2D93A923260C01CF00447533 /* HikeView.swift in Sources */ = {isa = PBXBuildFile; fileRef = 2D93A91F260C01CF00447533 /* HikeView.swift */; };
		2D93A927260C0AB500447533 /* CategoryHome.swift in Sources */ = {isa = PBXBuildFile; fileRef = 2D93A926260C0AB500447533 /* CategoryHome.swift */; };
		2D93A92F260C0E0600447533 /* CategoryRow.swift in Sources */ = {isa = PBXBuildFile; fileRef = 2D93A92E260C0E0600447533 /* CategoryRow.swift */; };
		2D93A933260C0F7400447533 /* CategoryItem.swift in Sources */ = {isa = PBXBuildFile; fileRef = 2D93A932260C0F7400447533 /* CategoryItem.swift */; };
		2D93A938260D4FF900447533 /* Profile.swift in Sources */ = {isa = PBXBuildFile; fileRef = 2D93A937260D4FF900447533 /* Profile.swift */; };
		2D93A93C260D50D100447533 /* ProfileHost.swift in Sources */ = {isa = PBXBuildFile; fileRef = 2D93A93B260D50D100447533 /* ProfileHost.swift */; };
		2D93A940260D511F00447533 /* ProfileSummary.swift in Sources */ = {isa = PBXBuildFile; fileRef = 2D93A93F260D511F00447533 /* ProfileSummary.swift */; };
		2D93A943260D535F00447533 /* HikeBadge.swift in Sources */ = {isa = PBXBuildFile; fileRef = 2D93A942260D535F00447533 /* HikeBadge.swift */; };
		2D93A946260D60DD00447533 /* ProfileEditor.swift in Sources */ = {isa = PBXBuildFile; fileRef = 2D93A945260D60DD00447533 /* ProfileEditor.swift */; };
		2D93A94C260D678B00447533 /* PageViewController.swift in Sources */ = {isa = PBXBuildFile; fileRef = 2D93A94B260D678B00447533 /* PageViewController.swift */; };
		2D93A950260D696700447533 /* FeatureCard.swift in Sources */ = {isa = PBXBuildFile; fileRef = 2D93A94F260D696700447533 /* FeatureCard.swift */; };
		2D93A953260D6A7100447533 /* PageView.swift in Sources */ = {isa = PBXBuildFile; fileRef = 2D93A952260D6A7100447533 /* PageView.swift */; };
		2D93A956260EB07500447533 /* PageControl.swift in Sources */ = {isa = PBXBuildFile; fileRef = 2D93A955260EB07500447533 /* PageControl.swift */; };
		2D93A95F260EB81B00447533 /* Assets.xcassets in Resources */ = {isa = PBXBuildFile; fileRef = 2D93A95E260EB81B00447533 /* Assets.xcassets */; };
		2D93A966260EB81B00447533 /* WatchLandmarks Extension.appex in Embed App Extensions */ = {isa = PBXBuildFile; fileRef = 2D93A965260EB81B00447533 /* WatchLandmarks Extension.appex */; settings = {ATTRIBUTES = (RemoveHeadersOnCopy, ); }; };
		2D93A96D260EB81B00447533 /* ContentView.swift in Sources */ = {isa = PBXBuildFile; fileRef = 2D93A96C260EB81B00447533 /* ContentView.swift */; };
		2D93A96F260EB81B00447533 /* NotificationController.swift in Sources */ = {isa = PBXBuildFile; fileRef = 2D93A96E260EB81B00447533 /* NotificationController.swift */; };
		2D93A971260EB81B00447533 /* NotificationView.swift in Sources */ = {isa = PBXBuildFile; fileRef = 2D93A970260EB81B00447533 /* NotificationView.swift */; };
		2D93A973260EB81B00447533 /* ComplicationController.swift in Sources */ = {isa = PBXBuildFile; fileRef = 2D93A972260EB81B00447533 /* ComplicationController.swift */; };
		2D93A975260EB81C00447533 /* Assets.xcassets in Resources */ = {isa = PBXBuildFile; fileRef = 2D93A974260EB81C00447533 /* Assets.xcassets */; };
		2D93A978260EB81C00447533 /* Preview Assets.xcassets in Resources */ = {isa = PBXBuildFile; fileRef = 2D93A977260EB81C00447533 /* Preview Assets.xcassets */; };
		2D93A97D260EB81C00447533 /* WatchLandmarks.app in Embed Watch Content */ = {isa = PBXBuildFile; fileRef = 2D93A95C260EB81900447533 /* WatchLandmarks.app */; settings = {ATTRIBUTES = (RemoveHeadersOnCopy, ); }; };
		2DCEE5D826080A4500CF48ED /* Landmark.swift in Sources */ = {isa = PBXBuildFile; fileRef = 2DCEE5D726080A4500CF48ED /* Landmark.swift */; };
		2DCEE5F726080ABB00CF48ED /* landmarkData.json in Resources */ = {isa = PBXBuildFile; fileRef = 2DCEE5EA26080ABB00CF48ED /* landmarkData.json */; };
		2DCEE5FA26080CA200CF48ED /* ModelData.swift in Sources */ = {isa = PBXBuildFile; fileRef = 2DCEE5F926080CA200CF48ED /* ModelData.swift */; };
		2DCEE60726080F8300CF48ED /* LandmarkRow.swift in Sources */ = {isa = PBXBuildFile; fileRef = 2DCEE60626080F8300CF48ED /* LandmarkRow.swift */; };
		2DCEE60A260810F900CF48ED /* LandmarkList.swift in Sources */ = {isa = PBXBuildFile; fileRef = 2DCEE609260810F900CF48ED /* LandmarkList.swift */; };
		2DCEE60D2608123D00CF48ED /* LandmarkDetail.swift in Sources */ = {isa = PBXBuildFile; fileRef = 2DCEE60C2608123D00CF48ED /* LandmarkDetail.swift */; };
		2DF1E4F926114CBC00A3608F /* LandmarkRow.swift in Sources */ = {isa = PBXBuildFile; fileRef = 2DCEE60626080F8300CF48ED /* LandmarkRow.swift */; };
		2DF1E4FA26114CBC00A3608F /* LandmarkList.swift in Sources */ = {isa = PBXBuildFile; fileRef = 2DCEE609260810F900CF48ED /* LandmarkList.swift */; };
		2DF1E4FB26114CBC00A3608F /* MapView.swift in Sources */ = {isa = PBXBuildFile; fileRef = 2DF9B3542605E09300C01A2C /* MapView.swift */; };
		2DF1E4FC26114CBC00A3608F /* hikeData.json in Resources */ = {isa = PBXBuildFile; fileRef = 2D93A915260C00B600447533 /* hikeData.json */; };
		2DF1E4FD26114CBC00A3608F /* landmarkData.json in Resources */ = {isa = PBXBuildFile; fileRef = 2DCEE5EA26080ABB00CF48ED /* landmarkData.json */; };
		2DF1E4FE26114CBC00A3608F /* Hike.swift in Sources */ = {isa = PBXBuildFile; fileRef = 2D93A918260C010900447533 /* Hike.swift */; };
		2DF1E4FF26114CBC00A3608F /* CircleImage.swift in Sources */ = {isa = PBXBuildFile; fileRef = 2DF9B3512605DFCB00C01A2C /* CircleImage.swift */; };
		2DF1E50026114CBC00A3608F /* Assets.xcassets in Resources */ = {isa = PBXBuildFile; fileRef = 2DF9B3452605D68000C01A2C /* Assets.xcassets */; };
		2DF1E50126114CBC00A3608F /* Profile.swift in Sources */ = {isa = PBXBuildFile; fileRef = 2D93A937260D4FF900447533 /* Profile.swift */; };
		2DF1E50226114CBC00A3608F /* LandmarksApp.swift in Sources */ = {isa = PBXBuildFile; fileRef = 2DF9B3412605D68000C01A2C /* LandmarksApp.swift */; };
		2DF1E50326114CBC00A3608F /* Landmark.swift in Sources */ = {isa = PBXBuildFile; fileRef = 2DCEE5D726080A4500CF48ED /* Landmark.swift */; };
		2DF1E50426114CBC00A3608F /* ModelData.swift in Sources */ = {isa = PBXBuildFile; fileRef = 2DCEE5F926080CA200CF48ED /* ModelData.swift */; };
		2DF1E50926114D7C00A3608F /* LandmarkDetail.swift in Sources */ = {isa = PBXBuildFile; fileRef = 2DF1E50826114D7C00A3608F /* LandmarkDetail.swift */; };
		2DF9B3422605D68000C01A2C /* LandmarksApp.swift in Sources */ = {isa = PBXBuildFile; fileRef = 2DF9B3412605D68000C01A2C /* LandmarksApp.swift */; };
		2DF9B3442605D68000C01A2C /* ContentView.swift in Sources */ = {isa = PBXBuildFile; fileRef = 2DF9B3432605D68000C01A2C /* ContentView.swift */; };
		2DF9B3462605D68100C01A2C /* Assets.xcassets in Resources */ = {isa = PBXBuildFile; fileRef = 2DF9B3452605D68000C01A2C /* Assets.xcassets */; };
		2DF9B3492605D68100C01A2C /* Preview Assets.xcassets in Resources */ = {isa = PBXBuildFile; fileRef = 2DF9B3482605D68100C01A2C /* Preview Assets.xcassets */; };
		2DF9B3522605DFCB00C01A2C /* CircleImage.swift in Sources */ = {isa = PBXBuildFile; fileRef = 2DF9B3512605DFCB00C01A2C /* CircleImage.swift */; };
		2DF9B3552605E09300C01A2C /* MapView.swift in Sources */ = {isa = PBXBuildFile; fileRef = 2DF9B3542605E09300C01A2C /* MapView.swift */; };
/* End PBXBuildFile section */

/* Begin PBXContainerItemProxy section */
		2D93A967260EB81B00447533 /* PBXContainerItemProxy */ = {
			isa = PBXContainerItemProxy;
			containerPortal = 2DF9B3362605D68000C01A2C /* Project object */;
			proxyType = 1;
			remoteGlobalIDString = 2D93A964260EB81B00447533;
			remoteInfo = "WatchLandmarks Extension";
		};
		2D93A97B260EB81C00447533 /* PBXContainerItemProxy */ = {
			isa = PBXContainerItemProxy;
			containerPortal = 2DF9B3362605D68000C01A2C /* Project object */;
			proxyType = 1;
			remoteGlobalIDString = 2D93A95B260EB81900447533;
			remoteInfo = WatchLandmarks;
		};
/* End PBXContainerItemProxy section */

/* Begin PBXCopyFilesBuildPhase section */
		2D93A97E260EB81C00447533 /* Embed Watch Content */ = {
			isa = PBXCopyFilesBuildPhase;
			buildActionMask = 2147483647;
			dstPath = "$(CONTENTS_FOLDER_PATH)/Watch";
			dstSubfolderSpec = 16;
			files = (
				2D93A97D260EB81C00447533 /* WatchLandmarks.app in Embed Watch Content */,
			);
			name = "Embed Watch Content";
			runOnlyForDeploymentPostprocessing = 0;
		};
		2D93A981260EB81C00447533 /* Embed App Extensions */ = {
			isa = PBXCopyFilesBuildPhase;
			buildActionMask = 2147483647;
			dstPath = "";
			dstSubfolderSpec = 13;
			files = (
				2D93A966260EB81B00447533 /* WatchLandmarks Extension.appex in Embed App Extensions */,
			);
			name = "Embed App Extensions";
			runOnlyForDeploymentPostprocessing = 0;
		};
/* End PBXCopyFilesBuildPhase section */

/* Begin PBXFileReference section */
		2D93A8F8260AB24D00447533 /* FavoriteButton.swift */ = {isa = PBXFileReference; lastKnownFileType = sourcecode.swift; path = FavoriteButton.swift; sourceTree = "<group>"; };
		2D93A8FE260AB93700447533 /* HexagonParameters.swift */ = {isa = PBXFileReference; lastKnownFileType = sourcecode.swift; path = HexagonParameters.swift; sourceTree = "<group>"; };
		2D93A905260ABBF600447533 /* BadgeBackground.swift */ = {isa = PBXFileReference; lastKnownFileType = sourcecode.swift; path = BadgeBackground.swift; sourceTree = "<group>"; };
		2D93A908260ABF9700447533 /* BadgeSymbol.swift */ = {isa = PBXFileReference; lastKnownFileType = sourcecode.swift; path = BadgeSymbol.swift; sourceTree = "<group>"; };
		2D93A90B260AC02900447533 /* RotatedBadgeSymbol.swift */ = {isa = PBXFileReference; lastKnownFileType = sourcecode.swift; path = RotatedBadgeSymbol.swift; sourceTree = "<group>"; };
		2D93A90E260AC0CA00447533 /* Badge.swift */ = {isa = PBXFileReference; lastKnownFileType = sourcecode.swift; path = Badge.swift; sourceTree = "<group>"; };
		2D93A915260C00B600447533 /* hikeData.json */ = {isa = PBXFileReference; fileEncoding = 4; lastKnownFileType = text.json; path = hikeData.json; sourceTree = "<group>"; };
		2D93A918260C010900447533 /* Hike.swift */ = {isa = PBXFileReference; lastKnownFileType = sourcecode.swift; path = Hike.swift; sourceTree = "<group>"; };
		2D93A91C260C01CF00447533 /* GraphCapsule.swift */ = {isa = PBXFileReference; fileEncoding = 4; lastKnownFileType = sourcecode.swift; path = GraphCapsule.swift; sourceTree = "<group>"; };
		2D93A91D260C01CF00447533 /* HikeGraph.swift */ = {isa = PBXFileReference; fileEncoding = 4; lastKnownFileType = sourcecode.swift; path = HikeGraph.swift; sourceTree = "<group>"; };
		2D93A91E260C01CF00447533 /* HikeDetail.swift */ = {isa = PBXFileReference; fileEncoding = 4; lastKnownFileType = sourcecode.swift; path = HikeDetail.swift; sourceTree = "<group>"; };
		2D93A91F260C01CF00447533 /* HikeView.swift */ = {isa = PBXFileReference; fileEncoding = 4; lastKnownFileType = sourcecode.swift; path = HikeView.swift; sourceTree = "<group>"; };
		2D93A926260C0AB500447533 /* CategoryHome.swift */ = {isa = PBXFileReference; lastKnownFileType = sourcecode.swift; path = CategoryHome.swift; sourceTree = "<group>"; };
		2D93A92E260C0E0600447533 /* CategoryRow.swift */ = {isa = PBXFileReference; lastKnownFileType = sourcecode.swift; path = CategoryRow.swift; sourceTree = "<group>"; };
		2D93A932260C0F7400447533 /* CategoryItem.swift */ = {isa = PBXFileReference; lastKnownFileType = sourcecode.swift; path = CategoryItem.swift; sourceTree = "<group>"; };
		2D93A937260D4FF900447533 /* Profile.swift */ = {isa = PBXFileReference; lastKnownFileType = sourcecode.swift; path = Profile.swift; sourceTree = "<group>"; };
		2D93A93B260D50D100447533 /* ProfileHost.swift */ = {isa = PBXFileReference; lastKnownFileType = sourcecode.swift; path = ProfileHost.swift; sourceTree = "<group>"; };
		2D93A93F260D511F00447533 /* ProfileSummary.swift */ = {isa = PBXFileReference; lastKnownFileType = sourcecode.swift; path = ProfileSummary.swift; sourceTree = "<group>"; };
		2D93A942260D535F00447533 /* HikeBadge.swift */ = {isa = PBXFileReference; lastKnownFileType = sourcecode.swift; path = HikeBadge.swift; sourceTree = "<group>"; };
		2D93A945260D60DD00447533 /* ProfileEditor.swift */ = {isa = PBXFileReference; lastKnownFileType = sourcecode.swift; path = ProfileEditor.swift; sourceTree = "<group>"; };
		2D93A94B260D678B00447533 /* PageViewController.swift */ = {isa = PBXFileReference; lastKnownFileType = sourcecode.swift; path = PageViewController.swift; sourceTree = "<group>"; };
		2D93A94F260D696700447533 /* FeatureCard.swift */ = {isa = PBXFileReference; lastKnownFileType = sourcecode.swift; path = FeatureCard.swift; sourceTree = "<group>"; };
		2D93A952260D6A7100447533 /* PageView.swift */ = {isa = PBXFileReference; lastKnownFileType = sourcecode.swift; path = PageView.swift; sourceTree = "<group>"; };
		2D93A955260EB07500447533 /* PageControl.swift */ = {isa = PBXFileReference; lastKnownFileType = sourcecode.swift; path = PageControl.swift; sourceTree = "<group>"; };
		2D93A95C260EB81900447533 /* WatchLandmarks.app */ = {isa = PBXFileReference; explicitFileType = wrapper.application; includeInIndex = 0; path = WatchLandmarks.app; sourceTree = BUILT_PRODUCTS_DIR; };
		2D93A95E260EB81B00447533 /* Assets.xcassets */ = {isa = PBXFileReference; lastKnownFileType = folder.assetcatalog; path = Assets.xcassets; sourceTree = "<group>"; };
		2D93A960260EB81B00447533 /* Info.plist */ = {isa = PBXFileReference; lastKnownFileType = text.plist.xml; path = Info.plist; sourceTree = "<group>"; };
		2D93A965260EB81B00447533 /* WatchLandmarks Extension.appex */ = {isa = PBXFileReference; explicitFileType = "wrapper.app-extension"; includeInIndex = 0; path = "WatchLandmarks Extension.appex"; sourceTree = BUILT_PRODUCTS_DIR; };
		2D93A96C260EB81B00447533 /* ContentView.swift */ = {isa = PBXFileReference; lastKnownFileType = sourcecode.swift; path = ContentView.swift; sourceTree = "<group>"; };
		2D93A96E260EB81B00447533 /* NotificationController.swift */ = {isa = PBXFileReference; lastKnownFileType = sourcecode.swift; path = NotificationController.swift; sourceTree = "<group>"; };
		2D93A970260EB81B00447533 /* NotificationView.swift */ = {isa = PBXFileReference; lastKnownFileType = sourcecode.swift; path = NotificationView.swift; sourceTree = "<group>"; };
		2D93A972260EB81B00447533 /* ComplicationController.swift */ = {isa = PBXFileReference; lastKnownFileType = sourcecode.swift; path = ComplicationController.swift; sourceTree = "<group>"; };
		2D93A974260EB81C00447533 /* Assets.xcassets */ = {isa = PBXFileReference; lastKnownFileType = folder.assetcatalog; path = Assets.xcassets; sourceTree = "<group>"; };
		2D93A977260EB81C00447533 /* Preview Assets.xcassets */ = {isa = PBXFileReference; lastKnownFileType = folder.assetcatalog; path = "Preview Assets.xcassets"; sourceTree = "<group>"; };
		2D93A979260EB81C00447533 /* Info.plist */ = {isa = PBXFileReference; lastKnownFileType = text.plist.xml; path = Info.plist; sourceTree = "<group>"; };
		2D93A97A260EB81C00447533 /* PushNotificationPayload.apns */ = {isa = PBXFileReference; lastKnownFileType = text; path = PushNotificationPayload.apns; sourceTree = "<group>"; };
		2DCEE5D726080A4500CF48ED /* Landmark.swift */ = {isa = PBXFileReference; lastKnownFileType = sourcecode.swift; path = Landmark.swift; sourceTree = "<group>"; };
		2DCEE5EA26080ABB00CF48ED /* landmarkData.json */ = {isa = PBXFileReference; fileEncoding = 4; lastKnownFileType = text.json; path = landmarkData.json; sourceTree = "<group>"; };
		2DCEE5F926080CA200CF48ED /* ModelData.swift */ = {isa = PBXFileReference; lastKnownFileType = sourcecode.swift; path = ModelData.swift; sourceTree = "<group>"; };
		2DCEE60626080F8300CF48ED /* LandmarkRow.swift */ = {isa = PBXFileReference; lastKnownFileType = sourcecode.swift; path = LandmarkRow.swift; sourceTree = "<group>"; };
		2DCEE609260810F900CF48ED /* LandmarkList.swift */ = {isa = PBXFileReference; lastKnownFileType = sourcecode.swift; path = LandmarkList.swift; sourceTree = "<group>"; };
		2DCEE60C2608123D00CF48ED /* LandmarkDetail.swift */ = {isa = PBXFileReference; lastKnownFileType = sourcecode.swift; path = LandmarkDetail.swift; sourceTree = "<group>"; };
		2DF1E50826114D7C00A3608F /* LandmarkDetail.swift */ = {isa = PBXFileReference; lastKnownFileType = sourcecode.swift; path = LandmarkDetail.swift; sourceTree = "<group>"; };
		2DF9B33E2605D68000C01A2C /* Landmarks.app */ = {isa = PBXFileReference; explicitFileType = wrapper.application; includeInIndex = 0; path = Landmarks.app; sourceTree = BUILT_PRODUCTS_DIR; };
		2DF9B3412605D68000C01A2C /* LandmarksApp.swift */ = {isa = PBXFileReference; lastKnownFileType = sourcecode.swift; path = LandmarksApp.swift; sourceTree = "<group>"; };
		2DF9B3432605D68000C01A2C /* ContentView.swift */ = {isa = PBXFileReference; lastKnownFileType = sourcecode.swift; path = ContentView.swift; sourceTree = "<group>"; };
		2DF9B3452605D68000C01A2C /* Assets.xcassets */ = {isa = PBXFileReference; lastKnownFileType = folder.assetcatalog; path = Assets.xcassets; sourceTree = "<group>"; };
		2DF9B3482605D68100C01A2C /* Preview Assets.xcassets */ = {isa = PBXFileReference; lastKnownFileType = folder.assetcatalog; path = "Preview Assets.xcassets"; sourceTree = "<group>"; };
		2DF9B34A2605D68100C01A2C /* Info.plist */ = {isa = PBXFileReference; lastKnownFileType = text.plist.xml; path = Info.plist; sourceTree = "<group>"; };
		2DF9B3512605DFCB00C01A2C /* CircleImage.swift */ = {isa = PBXFileReference; lastKnownFileType = sourcecode.swift; path = CircleImage.swift; sourceTree = "<group>"; };
		2DF9B3542605E09300C01A2C /* MapView.swift */ = {isa = PBXFileReference; lastKnownFileType = sourcecode.swift; path = MapView.swift; sourceTree = "<group>"; };
/* End PBXFileReference section */

/* Begin PBXFrameworksBuildPhase section */
		2D93A962260EB81B00447533 /* Frameworks */ = {
			isa = PBXFrameworksBuildPhase;
			buildActionMask = 2147483647;
			files = (
			);
			runOnlyForDeploymentPostprocessing = 0;
		};
		2DF9B33B2605D68000C01A2C /* Frameworks */ = {
			isa = PBXFrameworksBuildPhase;
			buildActionMask = 2147483647;
			files = (
			);
			runOnlyForDeploymentPostprocessing = 0;
		};
/* End PBXFrameworksBuildPhase section */

/* Begin PBXGroup section */
		2D93A8FB260AB2C700447533 /* Landmarks */ = {
			isa = PBXGroup;
			children = (
				2DCEE60626080F8300CF48ED /* LandmarkRow.swift */,
				2DCEE609260810F900CF48ED /* LandmarkList.swift */,
				2DCEE60C2608123D00CF48ED /* LandmarkDetail.swift */,
			);
			path = Landmarks;
			sourceTree = "<group>";
		};
		2D93A8FC260AB2D100447533 /* Helpers */ = {
			isa = PBXGroup;
			children = (
				2DF9B3512605DFCB00C01A2C /* CircleImage.swift */,
				2DF9B3542605E09300C01A2C /* MapView.swift */,
				2D93A8F8260AB24D00447533 /* FavoriteButton.swift */,
			);
			path = Helpers;
			sourceTree = "<group>";
		};
		2D93A911260AC25000447533 /* Badges */ = {
			isa = PBXGroup;
			children = (
				2D93A8FE260AB93700447533 /* HexagonParameters.swift */,
				2D93A905260ABBF600447533 /* BadgeBackground.swift */,
				2D93A908260ABF9700447533 /* BadgeSymbol.swift */,
				2D93A90B260AC02900447533 /* RotatedBadgeSymbol.swift */,
				2D93A90E260AC0CA00447533 /* Badge.swift */,
			);
			path = Badges;
			sourceTree = "<group>";
		};
		2D93A91B260C01CF00447533 /* Hikes */ = {
			isa = PBXGroup;
			children = (
				2D93A91C260C01CF00447533 /* GraphCapsule.swift */,
				2D93A91D260C01CF00447533 /* HikeGraph.swift */,
				2D93A91E260C01CF00447533 /* HikeDetail.swift */,
				2D93A91F260C01CF00447533 /* HikeView.swift */,
				2D93A942260D535F00447533 /* HikeBadge.swift */,
			);
			path = Hikes;
			sourceTree = "<group>";
		};
		2D93A925260C0A2000447533 /* Categories */ = {
			isa = PBXGroup;
			children = (
				2D93A926260C0AB500447533 /* CategoryHome.swift */,
				2D93A92E260C0E0600447533 /* CategoryRow.swift */,
				2D93A932260C0F7400447533 /* CategoryItem.swift */,
			);
			path = Categories;
			sourceTree = "<group>";
		};
		2D93A93A260D50BA00447533 /* Profiles */ = {
			isa = PBXGroup;
			children = (
				2D93A93B260D50D100447533 /* ProfileHost.swift */,
				2D93A93F260D511F00447533 /* ProfileSummary.swift */,
				2D93A945260D60DD00447533 /* ProfileEditor.swift */,
			);
			path = Profiles;
			sourceTree = "<group>";
		};
		2D93A94A260D676A00447533 /* PageView */ = {
			isa = PBXGroup;
			children = (
				2D93A94B260D678B00447533 /* PageViewController.swift */,
				2D93A94F260D696700447533 /* FeatureCard.swift */,
				2D93A952260D6A7100447533 /* PageView.swift */,
				2D93A955260EB07500447533 /* PageControl.swift */,
			);
			path = PageView;
			sourceTree = "<group>";
		};
		2D93A95D260EB81900447533 /* WatchLandmarks */ = {
			isa = PBXGroup;
			children = (
				2D93A95E260EB81B00447533 /* Assets.xcassets */,
				2D93A960260EB81B00447533 /* Info.plist */,
			);
			path = WatchLandmarks;
			sourceTree = "<group>";
		};
		2D93A969260EB81B00447533 /* WatchLandmarks Extension */ = {
			isa = PBXGroup;
			children = (
				2D93A96C260EB81B00447533 /* ContentView.swift */,
				2D93A96E260EB81B00447533 /* NotificationController.swift */,
				2D93A970260EB81B00447533 /* NotificationView.swift */,
				2D93A972260EB81B00447533 /* ComplicationController.swift */,
				2D93A974260EB81C00447533 /* Assets.xcassets */,
				2D93A979260EB81C00447533 /* Info.plist */,
				2D93A97A260EB81C00447533 /* PushNotificationPayload.apns */,
				2D93A976260EB81C00447533 /* Preview Content */,
				2DF1E50826114D7C00A3608F /* LandmarkDetail.swift */,
			);
			path = "WatchLandmarks Extension";
			sourceTree = "<group>";
		};
		2D93A976260EB81C00447533 /* Preview Content */ = {
			isa = PBXGroup;
			children = (
				2D93A977260EB81C00447533 /* Preview Assets.xcassets */,
			);
			path = "Preview Content";
			sourceTree = "<group>";
		};
		2DCEE5DB26080ABB00CF48ED /* Resources */ = {
			isa = PBXGroup;
			children = (
				2D93A915260C00B600447533 /* hikeData.json */,
				2DCEE5EA26080ABB00CF48ED /* landmarkData.json */,
			);
			path = Resources;
			sourceTree = "<group>";
		};
		2DCEE5FD26080D1A00CF48ED /* Views */ = {
			isa = PBXGroup;
			children = (
				2DF9B3432605D68000C01A2C /* ContentView.swift */,
				2D93A94A260D676A00447533 /* PageView */,
				2D93A93A260D50BA00447533 /* Profiles */,
				2D93A8FB260AB2C700447533 /* Landmarks */,
				2D93A911260AC25000447533 /* Badges */,
				2D93A91B260C01CF00447533 /* Hikes */,
				2D93A925260C0A2000447533 /* Categories */,
				2D93A8FC260AB2D100447533 /* Helpers */,
			);
			path = Views;
			sourceTree = "<group>";
		};
		2DCEE5FE26080D2E00CF48ED /* Model */ = {
			isa = PBXGroup;
			children = (
				2DCEE5D726080A4500CF48ED /* Landmark.swift */,
				2DCEE5F926080CA200CF48ED /* ModelData.swift */,
				2D93A918260C010900447533 /* Hike.swift */,
				2D93A937260D4FF900447533 /* Profile.swift */,
			);
			path = Model;
			sourceTree = "<group>";
		};
		2DF9B3352605D68000C01A2C = {
			isa = PBXGroup;
			children = (
				2DF9B3402605D68000C01A2C /* Landmarks */,
				2D93A95D260EB81900447533 /* WatchLandmarks */,
				2D93A969260EB81B00447533 /* WatchLandmarks Extension */,
				2DF9B33F2605D68000C01A2C /* Products */,
			);
			sourceTree = "<group>";
		};
		2DF9B33F2605D68000C01A2C /* Products */ = {
			isa = PBXGroup;
			children = (
				2DF9B33E2605D68000C01A2C /* Landmarks.app */,
				2D93A95C260EB81900447533 /* WatchLandmarks.app */,
				2D93A965260EB81B00447533 /* WatchLandmarks Extension.appex */,
			);
			name = Products;
			sourceTree = "<group>";
		};
		2DF9B3402605D68000C01A2C /* Landmarks */ = {
			isa = PBXGroup;
			children = (
				2DF9B3412605D68000C01A2C /* LandmarksApp.swift */,
				2DCEE5FD26080D1A00CF48ED /* Views */,
				2DCEE5FE26080D2E00CF48ED /* Model */,
				2DCEE5DB26080ABB00CF48ED /* Resources */,
				2DF9B3452605D68000C01A2C /* Assets.xcassets */,
				2DF9B34A2605D68100C01A2C /* Info.plist */,
				2DF9B3472605D68100C01A2C /* Preview Content */,
			);
			path = Landmarks;
			sourceTree = "<group>";
		};
		2DF9B3472605D68100C01A2C /* Preview Content */ = {
			isa = PBXGroup;
			children = (
				2DF9B3482605D68100C01A2C /* Preview Assets.xcassets */,
			);
			path = "Preview Content";
			sourceTree = "<group>";
		};
/* End PBXGroup section */

/* Begin PBXNativeTarget section */
		2D93A95B260EB81900447533 /* WatchLandmarks */ = {
			isa = PBXNativeTarget;
			buildConfigurationList = 2D93A985260EB81C00447533 /* Build configuration list for PBXNativeTarget "WatchLandmarks" */;
			buildPhases = (
				2D93A95A260EB81900447533 /* Resources */,
				2D93A981260EB81C00447533 /* Embed App Extensions */,
			);
			buildRules = (
			);
			dependencies = (
				2D93A968260EB81B00447533 /* PBXTargetDependency */,
			);
			name = WatchLandmarks;
			productName = WatchLandmarks;
			productReference = 2D93A95C260EB81900447533 /* WatchLandmarks.app */;
			productType = "com.apple.product-type.application.watchapp2";
		};
		2D93A964260EB81B00447533 /* WatchLandmarks Extension */ = {
			isa = PBXNativeTarget;
			buildConfigurationList = 2D93A984260EB81C00447533 /* Build configuration list for PBXNativeTarget "WatchLandmarks Extension" */;
			buildPhases = (
				2D93A961260EB81B00447533 /* Sources */,
				2D93A962260EB81B00447533 /* Frameworks */,
				2D93A963260EB81B00447533 /* Resources */,
			);
			buildRules = (
			);
			dependencies = (
			);
			name = "WatchLandmarks Extension";
			productName = "WatchLandmarks Extension";
			productReference = 2D93A965260EB81B00447533 /* WatchLandmarks Extension.appex */;
			productType = "com.apple.product-type.watchkit2-extension";
		};
		2DF9B33D2605D68000C01A2C /* Landmarks */ = {
			isa = PBXNativeTarget;
			buildConfigurationList = 2DF9B34D2605D68100C01A2C /* Build configuration list for PBXNativeTarget "Landmarks" */;
			buildPhases = (
				2DF9B33A2605D68000C01A2C /* Sources */,
				2DF9B33B2605D68000C01A2C /* Frameworks */,
				2DF9B33C2605D68000C01A2C /* Resources */,
				2D93A97E260EB81C00447533 /* Embed Watch Content */,
			);
			buildRules = (
			);
			dependencies = (
				2D93A97C260EB81C00447533 /* PBXTargetDependency */,
			);
			name = Landmarks;
			productName = Landmarks;
			productReference = 2DF9B33E2605D68000C01A2C /* Landmarks.app */;
			productType = "com.apple.product-type.application";
		};
/* End PBXNativeTarget section */

/* Begin PBXProject section */
		2DF9B3362605D68000C01A2C /* Project object */ = {
			isa = PBXProject;
			attributes = {
				LastSwiftUpdateCheck = 1240;
				LastUpgradeCheck = 1240;
				TargetAttributes = {
					2D93A95B260EB81900447533 = {
						CreatedOnToolsVersion = 12.4;
					};
					2D93A964260EB81B00447533 = {
						CreatedOnToolsVersion = 12.4;
					};
					2DF9B33D2605D68000C01A2C = {
						CreatedOnToolsVersion = 12.4;
					};
				};
			};
			buildConfigurationList = 2DF9B3392605D68000C01A2C /* Build configuration list for PBXProject "Landmarks" */;
			compatibilityVersion = "Xcode 9.3";
			developmentRegion = en;
			hasScannedForEncodings = 0;
			knownRegions = (
				en,
				Base,
			);
			mainGroup = 2DF9B3352605D68000C01A2C;
			productRefGroup = 2DF9B33F2605D68000C01A2C /* Products */;
			projectDirPath = "";
			projectRoot = "";
			targets = (
				2DF9B33D2605D68000C01A2C /* Landmarks */,
				2D93A95B260EB81900447533 /* WatchLandmarks */,
				2D93A964260EB81B00447533 /* WatchLandmarks Extension */,
			);
		};
/* End PBXProject section */

/* Begin PBXResourcesBuildPhase section */
		2D93A95A260EB81900447533 /* Resources */ = {
			isa = PBXResourcesBuildPhase;
			buildActionMask = 2147483647;
			files = (
				2D93A95F260EB81B00447533 /* Assets.xcassets in Resources */,
			);
			runOnlyForDeploymentPostprocessing = 0;
		};
		2D93A963260EB81B00447533 /* Resources */ = {
			isa = PBXResourcesBuildPhase;
			buildActionMask = 2147483647;
			files = (
				2D93A978260EB81C00447533 /* Preview Assets.xcassets in Resources */,
				2DF1E4FD26114CBC00A3608F /* landmarkData.json in Resources */,
				2DF1E4FC26114CBC00A3608F /* hikeData.json in Resources */,
				2D93A975260EB81C00447533 /* Assets.xcassets in Resources */,
				2DF1E50026114CBC00A3608F /* Assets.xcassets in Resources */,
			);
			runOnlyForDeploymentPostprocessing = 0;
		};
		2DF9B33C2605D68000C01A2C /* Resources */ = {
			isa = PBXResourcesBuildPhase;
			buildActionMask = 2147483647;
			files = (
				2D93A916260C00B600447533 /* hikeData.json in Resources */,
				2DF9B3492605D68100C01A2C /* Preview Assets.xcassets in Resources */,
				2DCEE5F726080ABB00CF48ED /* landmarkData.json in Resources */,
				2DF9B3462605D68100C01A2C /* Assets.xcassets in Resources */,
			);
			runOnlyForDeploymentPostprocessing = 0;
		};
/* End PBXResourcesBuildPhase section */

/* Begin PBXSourcesBuildPhase section */
		2D93A961260EB81B00447533 /* Sources */ = {
			isa = PBXSourcesBuildPhase;
			buildActionMask = 2147483647;
			files = (
				2DF1E4FB26114CBC00A3608F /* MapView.swift in Sources */,
				2DF1E50126114CBC00A3608F /* Profile.swift in Sources */,
				2D93A96F260EB81B00447533 /* NotificationController.swift in Sources */,
				2DF1E50426114CBC00A3608F /* ModelData.swift in Sources */,
				2DF1E4FA26114CBC00A3608F /* LandmarkList.swift in Sources */,
				2DF1E50226114CBC00A3608F /* LandmarksApp.swift in Sources */,
				2DF1E50926114D7C00A3608F /* LandmarkDetail.swift in Sources */,
				2D93A96D260EB81B00447533 /* ContentView.swift in Sources */,
				2D93A973260EB81B00447533 /* ComplicationController.swift in Sources */,
				2DF1E4FF26114CBC00A3608F /* CircleImage.swift in Sources */,
				2DF1E4F926114CBC00A3608F /* LandmarkRow.swift in Sources */,
				2DF1E4FE26114CBC00A3608F /* Hike.swift in Sources */,
				2D93A971260EB81B00447533 /* NotificationView.swift in Sources */,
				2DF1E50326114CBC00A3608F /* Landmark.swift in Sources */,
			);
			runOnlyForDeploymentPostprocessing = 0;
		};
		2DF9B33A2605D68000C01A2C /* Sources */ = {
			isa = PBXSourcesBuildPhase;
			buildActionMask = 2147483647;
			files = (
				2D93A92F260C0E0600447533 /* CategoryRow.swift in Sources */,
				2D93A938260D4FF900447533 /* Profile.swift in Sources */,
				2DF9B3442605D68000C01A2C /* ContentView.swift in Sources */,
				2D93A927260C0AB500447533 /* CategoryHome.swift in Sources */,
				2D93A950260D696700447533 /* FeatureCard.swift in Sources */,
				2D93A921260C01CF00447533 /* HikeGraph.swift in Sources */,
				2D93A90F260AC0CA00447533 /* Badge.swift in Sources */,
				2DF9B3552605E09300C01A2C /* MapView.swift in Sources */,
				2D93A920260C01CF00447533 /* GraphCapsule.swift in Sources */,
				2DF9B3422605D68000C01A2C /* LandmarksApp.swift in Sources */,
				2D93A956260EB07500447533 /* PageControl.swift in Sources */,
				2D93A8F9260AB24D00447533 /* FavoriteButton.swift in Sources */,
				2D93A933260C0F7400447533 /* CategoryItem.swift in Sources */,
				2D93A922260C01CF00447533 /* HikeDetail.swift in Sources */,
				2D93A940260D511F00447533 /* ProfileSummary.swift in Sources */,
				2D93A8FF260AB93700447533 /* HexagonParameters.swift in Sources */,
				2D93A93C260D50D100447533 /* ProfileHost.swift in Sources */,
				2D93A919260C010900447533 /* Hike.swift in Sources */,
				2D93A90C260AC02900447533 /* RotatedBadgeSymbol.swift in Sources */,
				2D93A953260D6A7100447533 /* PageView.swift in Sources */,
				2D93A909260ABF9700447533 /* BadgeSymbol.swift in Sources */,
				2D93A946260D60DD00447533 /* ProfileEditor.swift in Sources */,
				2DCEE60A260810F900CF48ED /* LandmarkList.swift in Sources */,
				2D93A923260C01CF00447533 /* HikeView.swift in Sources */,
				2DCEE60D2608123D00CF48ED /* LandmarkDetail.swift in Sources */,
				2D93A94C260D678B00447533 /* PageViewController.swift in Sources */,
				2D93A906260ABBF600447533 /* BadgeBackground.swift in Sources */,
				2D93A943260D535F00447533 /* HikeBadge.swift in Sources */,
				2DF9B3522605DFCB00C01A2C /* CircleImage.swift in Sources */,
				2DCEE5D826080A4500CF48ED /* Landmark.swift in Sources */,
				2DCEE60726080F8300CF48ED /* LandmarkRow.swift in Sources */,
				2DCEE5FA26080CA200CF48ED /* ModelData.swift in Sources */,
			);
			runOnlyForDeploymentPostprocessing = 0;
		};
/* End PBXSourcesBuildPhase section */

/* Begin PBXTargetDependency section */
		2D93A968260EB81B00447533 /* PBXTargetDependency */ = {
			isa = PBXTargetDependency;
			target = 2D93A964260EB81B00447533 /* WatchLandmarks Extension */;
			targetProxy = 2D93A967260EB81B00447533 /* PBXContainerItemProxy */;
		};
		2D93A97C260EB81C00447533 /* PBXTargetDependency */ = {
			isa = PBXTargetDependency;
			target = 2D93A95B260EB81900447533 /* WatchLandmarks */;
			targetProxy = 2D93A97B260EB81C00447533 /* PBXContainerItemProxy */;
		};
/* End PBXTargetDependency section */

/* Begin XCBuildConfiguration section */
		2D93A97F260EB81C00447533 /* Debug */ = {
			isa = XCBuildConfiguration;
			buildSettings = {
				ALWAYS_EMBED_SWIFT_STANDARD_LIBRARIES = YES;
				ASSETCATALOG_COMPILER_APPICON_NAME = AppIcon;
				ASSETCATALOG_COMPILER_GLOBAL_ACCENT_COLOR_NAME = AccentColor;
				CODE_SIGN_STYLE = Automatic;
				DEVELOPMENT_TEAM = 792DMUJTBJ;
				IBSC_MODULE = WatchLandmarks_Extension;
				INFOPLIST_FILE = WatchLandmarks/Info.plist;
				PRODUCT_BUNDLE_IDENTIFIER = dev.honwakalab.Landmarks.watchkitapp;
				PRODUCT_NAME = "$(TARGET_NAME)";
				SDKROOT = watchos;
				SKIP_INSTALL = YES;
				SWIFT_VERSION = 5.0;
				TARGETED_DEVICE_FAMILY = 4;
				WATCHOS_DEPLOYMENT_TARGET = 7.2;
			};
			name = Debug;
		};
		2D93A980260EB81C00447533 /* Release */ = {
			isa = XCBuildConfiguration;
			buildSettings = {
				ALWAYS_EMBED_SWIFT_STANDARD_LIBRARIES = YES;
				ASSETCATALOG_COMPILER_APPICON_NAME = AppIcon;
				ASSETCATALOG_COMPILER_GLOBAL_ACCENT_COLOR_NAME = AccentColor;
				CODE_SIGN_STYLE = Automatic;
				DEVELOPMENT_TEAM = 792DMUJTBJ;
				IBSC_MODULE = WatchLandmarks_Extension;
				INFOPLIST_FILE = WatchLandmarks/Info.plist;
				PRODUCT_BUNDLE_IDENTIFIER = dev.honwakalab.Landmarks.watchkitapp;
				PRODUCT_NAME = "$(TARGET_NAME)";
				SDKROOT = watchos;
				SKIP_INSTALL = YES;
				SWIFT_VERSION = 5.0;
				TARGETED_DEVICE_FAMILY = 4;
				WATCHOS_DEPLOYMENT_TARGET = 7.2;
			};
			name = Release;
		};
		2D93A982260EB81C00447533 /* Debug */ = {
			isa = XCBuildConfiguration;
			buildSettings = {
				ASSETCATALOG_COMPILER_COMPLICATION_NAME = Complication;
				CODE_SIGN_STYLE = Automatic;
				DEVELOPMENT_ASSET_PATHS = "\"WatchLandmarks Extension/Preview Content\"";
				DEVELOPMENT_TEAM = 792DMUJTBJ;
				ENABLE_PREVIEWS = YES;
				INFOPLIST_FILE = "WatchLandmarks Extension/Info.plist";
				LD_RUNPATH_SEARCH_PATHS = (
					"$(inherited)",
					"@executable_path/Frameworks",
					"@executable_path/../../Frameworks",
				);
				PRODUCT_BUNDLE_IDENTIFIER = dev.honwakalab.Landmarks.watchkitapp.watchkitextension;
				PRODUCT_NAME = "${TARGET_NAME}";
				SDKROOT = watchos;
				SKIP_INSTALL = YES;
				SWIFT_VERSION = 5.0;
				TARGETED_DEVICE_FAMILY = 4;
				WATCHOS_DEPLOYMENT_TARGET = 7.2;
			};
			name = Debug;
		};
		2D93A983260EB81C00447533 /* Release */ = {
			isa = XCBuildConfiguration;
			buildSettings = {
				ASSETCATALOG_COMPILER_COMPLICATION_NAME = Complication;
				CODE_SIGN_STYLE = Automatic;
				DEVELOPMENT_ASSET_PATHS = "\"WatchLandmarks Extension/Preview Content\"";
				DEVELOPMENT_TEAM = 792DMUJTBJ;
				ENABLE_PREVIEWS = YES;
				INFOPLIST_FILE = "WatchLandmarks Extension/Info.plist";
				LD_RUNPATH_SEARCH_PATHS = (
					"$(inherited)",
					"@executable_path/Frameworks",
					"@executable_path/../../Frameworks",
				);
				PRODUCT_BUNDLE_IDENTIFIER = dev.honwakalab.Landmarks.watchkitapp.watchkitextension;
				PRODUCT_NAME = "${TARGET_NAME}";
				SDKROOT = watchos;
				SKIP_INSTALL = YES;
				SWIFT_VERSION = 5.0;
				TARGETED_DEVICE_FAMILY = 4;
				WATCHOS_DEPLOYMENT_TARGET = 7.2;
			};
			name = Release;
		};
		2DF9B34B2605D68100C01A2C /* Debug */ = {
			isa = XCBuildConfiguration;
			buildSettings = {
				ALWAYS_SEARCH_USER_PATHS = NO;
				CLANG_ANALYZER_NONNULL = YES;
				CLANG_ANALYZER_NUMBER_OBJECT_CONVERSION = YES_AGGRESSIVE;
				CLANG_CXX_LANGUAGE_STANDARD = "gnu++14";
				CLANG_CXX_LIBRARY = "libc++";
				CLANG_ENABLE_MODULES = YES;
				CLANG_ENABLE_OBJC_ARC = YES;
				CLANG_ENABLE_OBJC_WEAK = YES;
				CLANG_WARN_BLOCK_CAPTURE_AUTORELEASING = YES;
				CLANG_WARN_BOOL_CONVERSION = YES;
				CLANG_WARN_COMMA = YES;
				CLANG_WARN_CONSTANT_CONVERSION = YES;
				CLANG_WARN_DEPRECATED_OBJC_IMPLEMENTATIONS = YES;
				CLANG_WARN_DIRECT_OBJC_ISA_USAGE = YES_ERROR;
				CLANG_WARN_DOCUMENTATION_COMMENTS = YES;
				CLANG_WARN_EMPTY_BODY = YES;
				CLANG_WARN_ENUM_CONVERSION = YES;
				CLANG_WARN_INFINITE_RECURSION = YES;
				CLANG_WARN_INT_CONVERSION = YES;
				CLANG_WARN_NON_LITERAL_NULL_CONVERSION = YES;
				CLANG_WARN_OBJC_IMPLICIT_RETAIN_SELF = YES;
				CLANG_WARN_OBJC_LITERAL_CONVERSION = YES;
				CLANG_WARN_OBJC_ROOT_CLASS = YES_ERROR;
				CLANG_WARN_QUOTED_INCLUDE_IN_FRAMEWORK_HEADER = YES;
				CLANG_WARN_RANGE_LOOP_ANALYSIS = YES;
				CLANG_WARN_STRICT_PROTOTYPES = YES;
				CLANG_WARN_SUSPICIOUS_MOVE = YES;
				CLANG_WARN_UNGUARDED_AVAILABILITY = YES_AGGRESSIVE;
				CLANG_WARN_UNREACHABLE_CODE = YES;
				CLANG_WARN__DUPLICATE_METHOD_MATCH = YES;
				COPY_PHASE_STRIP = NO;
				DEBUG_INFORMATION_FORMAT = dwarf;
				ENABLE_STRICT_OBJC_MSGSEND = YES;
				ENABLE_TESTABILITY = YES;
				GCC_C_LANGUAGE_STANDARD = gnu11;
				GCC_DYNAMIC_NO_PIC = NO;
				GCC_NO_COMMON_BLOCKS = YES;
				GCC_OPTIMIZATION_LEVEL = 0;
				GCC_PREPROCESSOR_DEFINITIONS = (
					"DEBUG=1",
					"$(inherited)",
				);
				GCC_WARN_64_TO_32_BIT_CONVERSION = YES;
				GCC_WARN_ABOUT_RETURN_TYPE = YES_ERROR;
				GCC_WARN_UNDECLARED_SELECTOR = YES;
				GCC_WARN_UNINITIALIZED_AUTOS = YES_AGGRESSIVE;
				GCC_WARN_UNUSED_FUNCTION = YES;
				GCC_WARN_UNUSED_VARIABLE = YES;
				IPHONEOS_DEPLOYMENT_TARGET = 14.4;
				MTL_ENABLE_DEBUG_INFO = INCLUDE_SOURCE;
				MTL_FAST_MATH = YES;
				ONLY_ACTIVE_ARCH = YES;
				SDKROOT = iphoneos;
				SWIFT_ACTIVE_COMPILATION_CONDITIONS = DEBUG;
				SWIFT_OPTIMIZATION_LEVEL = "-Onone";
			};
			name = Debug;
		};
		2DF9B34C2605D68100C01A2C /* Release */ = {
			isa = XCBuildConfiguration;
			buildSettings = {
				ALWAYS_SEARCH_USER_PATHS = NO;
				CLANG_ANALYZER_NONNULL = YES;
				CLANG_ANALYZER_NUMBER_OBJECT_CONVERSION = YES_AGGRESSIVE;
				CLANG_CXX_LANGUAGE_STANDARD = "gnu++14";
				CLANG_CXX_LIBRARY = "libc++";
				CLANG_ENABLE_MODULES = YES;
				CLANG_ENABLE_OBJC_ARC = YES;
				CLANG_ENABLE_OBJC_WEAK = YES;
				CLANG_WARN_BLOCK_CAPTURE_AUTORELEASING = YES;
				CLANG_WARN_BOOL_CONVERSION = YES;
				CLANG_WARN_COMMA = YES;
				CLANG_WARN_CONSTANT_CONVERSION = YES;
				CLANG_WARN_DEPRECATED_OBJC_IMPLEMENTATIONS = YES;
				CLANG_WARN_DIRECT_OBJC_ISA_USAGE = YES_ERROR;
				CLANG_WARN_DOCUMENTATION_COMMENTS = YES;
				CLANG_WARN_EMPTY_BODY = YES;
				CLANG_WARN_ENUM_CONVERSION = YES;
				CLANG_WARN_INFINITE_RECURSION = YES;
				CLANG_WARN_INT_CONVERSION = YES;
				CLANG_WARN_NON_LITERAL_NULL_CONVERSION = YES;
				CLANG_WARN_OBJC_IMPLICIT_RETAIN_SELF = YES;
				CLANG_WARN_OBJC_LITERAL_CONVERSION = YES;
				CLANG_WARN_OBJC_ROOT_CLASS = YES_ERROR;
				CLANG_WARN_QUOTED_INCLUDE_IN_FRAMEWORK_HEADER = YES;
				CLANG_WARN_RANGE_LOOP_ANALYSIS = YES;
				CLANG_WARN_STRICT_PROTOTYPES = YES;
				CLANG_WARN_SUSPICIOUS_MOVE = YES;
				CLANG_WARN_UNGUARDED_AVAILABILITY = YES_AGGRESSIVE;
				CLANG_WARN_UNREACHABLE_CODE = YES;
				CLANG_WARN__DUPLICATE_METHOD_MATCH = YES;
				COPY_PHASE_STRIP = NO;
				DEBUG_INFORMATION_FORMAT = "dwarf-with-dsym";
				ENABLE_NS_ASSERTIONS = NO;
				ENABLE_STRICT_OBJC_MSGSEND = YES;
				GCC_C_LANGUAGE_STANDARD = gnu11;
				GCC_NO_COMMON_BLOCKS = YES;
				GCC_WARN_64_TO_32_BIT_CONVERSION = YES;
				GCC_WARN_ABOUT_RETURN_TYPE = YES_ERROR;
				GCC_WARN_UNDECLARED_SELECTOR = YES;
				GCC_WARN_UNINITIALIZED_AUTOS = YES_AGGRESSIVE;
				GCC_WARN_UNUSED_FUNCTION = YES;
				GCC_WARN_UNUSED_VARIABLE = YES;
				IPHONEOS_DEPLOYMENT_TARGET = 14.4;
				MTL_ENABLE_DEBUG_INFO = NO;
				MTL_FAST_MATH = YES;
				SDKROOT = iphoneos;
				SWIFT_COMPILATION_MODE = wholemodule;
				SWIFT_OPTIMIZATION_LEVEL = "-O";
				VALIDATE_PRODUCT = YES;
			};
			name = Release;
		};
		2DF9B34E2605D68100C01A2C /* Debug */ = {
			isa = XCBuildConfiguration;
			buildSettings = {
				ASSETCATALOG_COMPILER_APPICON_NAME = AppIcon;
				ASSETCATALOG_COMPILER_GLOBAL_ACCENT_COLOR_NAME = AccentColor;
				CODE_SIGN_STYLE = Automatic;
				DEVELOPMENT_ASSET_PATHS = "\"Landmarks/Preview Content\"";
				DEVELOPMENT_TEAM = 792DMUJTBJ;
				ENABLE_PREVIEWS = YES;
				INFOPLIST_FILE = Landmarks/Info.plist;
				IPHONEOS_DEPLOYMENT_TARGET = 14.0;
				LD_RUNPATH_SEARCH_PATHS = (
					"$(inherited)",
					"@executable_path/Frameworks",
				);
				PRODUCT_BUNDLE_IDENTIFIER = dev.honwakalab.Landmarks;
				PRODUCT_NAME = "$(TARGET_NAME)";
				SWIFT_VERSION = 5.0;
				TARGETED_DEVICE_FAMILY = "1,2";
			};
			name = Debug;
		};
		2DF9B34F2605D68100C01A2C /* Release */ = {
			isa = XCBuildConfiguration;
			buildSettings = {
				ASSETCATALOG_COMPILER_APPICON_NAME = AppIcon;
				ASSETCATALOG_COMPILER_GLOBAL_ACCENT_COLOR_NAME = AccentColor;
				CODE_SIGN_STYLE = Automatic;
				DEVELOPMENT_ASSET_PATHS = "\"Landmarks/Preview Content\"";
				DEVELOPMENT_TEAM = 792DMUJTBJ;
				ENABLE_PREVIEWS = YES;
				INFOPLIST_FILE = Landmarks/Info.plist;
				IPHONEOS_DEPLOYMENT_TARGET = 14.0;
				LD_RUNPATH_SEARCH_PATHS = (
					"$(inherited)",
					"@executable_path/Frameworks",
				);
				PRODUCT_BUNDLE_IDENTIFIER = dev.honwakalab.Landmarks;
				PRODUCT_NAME = "$(TARGET_NAME)";
				SWIFT_VERSION = 5.0;
				TARGETED_DEVICE_FAMILY = "1,2";
			};
			name = Release;
		};
/* End XCBuildConfiguration section */

/* Begin XCConfigurationList section */
		2D93A984260EB81C00447533 /* Build configuration list for PBXNativeTarget "WatchLandmarks Extension" */ = {
			isa = XCConfigurationList;
			buildConfigurations = (
				2D93A982260EB81C00447533 /* Debug */,
				2D93A983260EB81C00447533 /* Release */,
			);
			defaultConfigurationIsVisible = 0;
			defaultConfigurationName = Release;
		};
		2D93A985260EB81C00447533 /* Build configuration list for PBXNativeTarget "WatchLandmarks" */ = {
			isa = XCConfigurationList;
			buildConfigurations = (
				2D93A97F260EB81C00447533 /* Debug */,
				2D93A980260EB81C00447533 /* Release */,
			);
			defaultConfigurationIsVisible = 0;
			defaultConfigurationName = Release;
		};
		2DF9B3392605D68000C01A2C /* Build configuration list for PBXProject "Landmarks" */ = {
			isa = XCConfigurationList;
			buildConfigurations = (
				2DF9B34B2605D68100C01A2C /* Debug */,
				2DF9B34C2605D68100C01A2C /* Release */,
			);
			defaultConfigurationIsVisible = 0;
			defaultConfigurationName = Release;
		};
		2DF9B34D2605D68100C01A2C /* Build configuration list for PBXNativeTarget "Landmarks" */ = {
			isa = XCConfigurationList;
			buildConfigurations = (
				2DF9B34E2605D68100C01A2C /* Debug */,
				2DF9B34F2605D68100C01A2C /* Release */,
			);
			defaultConfigurationIsVisible = 0;
			defaultConfigurationName = Release;
		};
/* End XCConfigurationList section */
	};
	rootObject = 2DF9B3362605D68000C01A2C /* Project object */;
}
